Microsoft Visual Studio Solution File, Format Version 12.00
# Visual Studio Version 17
VisualStudioVersion = 17.5.2.0
MinimumVisualStudioVersion = 10.0.40219.1
Project("{2150E333-8FDC-42A3-9474-1A3956D46DE8}") = "ui-tests", "ui-tests", "{7E1D94CA-8968-005E-27C4-0681CFFB4B6E}"
EndProject
Project("{FAE04EC0-301F-11D3-BF4B-00C04F79EFBC}") = "UiTests", "ui-tests\UiTests\UiTests.csproj", "{5BE675A0-69B4-1EE8-7A0B-0F285ADD6856}"
EndProject
Global
	GlobalSection(SolutionConfigurationPlatforms) = preSolution
		Debug|Any CPU = Debug|Any CPU
		Release|Any CPU = Release|Any CPU
	EndGlobalSection
	GlobalSection(ProjectConfigurationPlatforms) = postSolution
		{5BE675A0-69B4-1EE8-7A0B-0F285ADD6856}.Debug|Any CPU.ActiveCfg = Debug|Any CPU
		{5BE675A0-69B4-1EE8-7A0B-0F285ADD6856}.Debug|Any CPU.Build.0 = Debug|Any CPU
		{5BE675A0-69B4-1EE8-7A0B-0F285ADD6856}.Release|Any CPU.ActiveCfg = Release|Any CPU
		{5BE675A0-69B4-1EE8-7A0B-0F285ADD6856}.Release|Any CPU.Build.0 = Release|Any CPU
	EndGlobalSection
	GlobalSection(SolutionProperties) = preSolution
		HideSolutionNode = FALSE
	EndGlobalSection
	GlobalSection(NestedProjects) = preSolution
		{5BE675A0-69B4-1EE8-7A0B-0F285ADD6856} = {7E1D94CA-8968-005E-27C4-0681CFFB4B6E}
	EndGlobalSection
	GlobalSection(ExtensibilityGlobals) = postSolution
		SolutionGuid = {BF2C02B1-81E5-42B9-A240-F1DE9F73F21A}
	EndGlobalSection
EndGlobal
